
Microsoft Visual Studio Solution File, Format Version 12.00
# Visual Studio Version 17
VisualStudioVersion = 17.0.31919.166
MinimumVisualStudioVersion = 10.0.40219.1
Project("{FAE04EC0-301F-11D3-BF4B-00C04F79EFBC}") = "TicketSystem", "TicketSystem\TicketSystem.csproj", "{CBC51246-B85E-4606-AE1A-D3F7CA95EC0C}"
EndProject
Global
	GlobalSection(SolutionConfigurationPlatforms) = preSolution
		Debug|Any CPU = Debug|Any CPU
		Release|Any CPU = Release|Any CPU
	EndGlobalSection
	GlobalSection(ProjectConfigurationPlatforms) = postSolution
		{CBC51246-B85E-4606-AE1A-D3F7CA95EC0C}.Debug|Any CPU.ActiveCfg = Debug|Any CPU
		{CBC51246-B85E-4606-AE1A-D3F7CA95EC0C}.Debug|Any CPU.Build.0 = Debug|Any CPU
		{CBC51246-B85E-4606-AE1A-D3F7CA95EC0C}.Release|Any CPU.ActiveCfg = Release|Any CPU
		{CBC51246-B85E-4606-AE1A-D3F7CA95EC0C}.Release|Any CPU.Build.0 = Release|Any CPU
	EndGlobalSection
	GlobalSection(SolutionProperties) = preSolution
		HideSolutionNode = FALSE
	EndGlobalSection
	GlobalSection(ExtensibilityGlobals) = postSolution
		SolutionGuid = {2FB880C5-EE33-417F-90A2-CCB2B7F21600}
	EndGlobalSection
EndGlobal
